
Microsoft Visual Studio Solution File, Format Version 12.00
# Visual Studio Version 17
VisualStudioVersion = 17.6.33829.357
MinimumVisualStudioVersion = 10.0.40219.1
Project("{FAE04EC0-301F-11D3-BF4B-00C04F79EFBC}") = "PatientClinic", "PatientClinic.csproj", "{EEA30947-1B52-495F-9929-44A6BD92C447}"
EndProject
Project("{FAE04EC0-301F-11D3-BF4B-00C04F79EFBC}") = "Domain", "..\Domain\Domain.csproj", "{FD3BC3B6-5BC5-4DB8-BD54-56D6A6CC5AA0}"
EndProject
Project("{FAE04EC0-301F-11D3-BF4B-00C04F79EFBC}") = "Application", "..\Application\Application.csproj", "{27728C9E-E85D-4AFC-BC65-758B1F7D8346}"
EndProject
Project("{FAE04EC0-301F-11D3-BF4B-00C04F79EFBC}") = "Infrastructure", "..\Infrastructure\Infrastructure.csproj", "{9DB8F622-9994-4E9F-8AF8-D575D0CBF547}"
EndProject
Project("{FAE04EC0-301F-11D3-BF4B-00C04F79EFBC}") = "Shared", "..\Shared\Shared.csproj", "{338420A0-3124-42DF-8836-6B49CCAD3782}"
EndProject
Global
	GlobalSection(SolutionConfigurationPlatforms) = preSolution
		Debug|Any CPU = Debug|Any CPU
		Release|Any CPU = Release|Any CPU
	EndGlobalSection
	GlobalSection(ProjectConfigurationPlatforms) = postSolution
		{EEA30947-1B52-495F-9929-44A6BD92C447}.Debug|Any CPU.ActiveCfg = Debug|Any CPU
		{EEA30947-1B52-495F-9929-44A6BD92C447}.Debug|Any CPU.Build.0 = Debug|Any CPU
		{EEA30947-1B52-495F-9929-44A6BD92C447}.Release|Any CPU.ActiveCfg = Release|Any CPU
		{EEA30947-1B52-495F-9929-44A6BD92C447}.Release|Any CPU.Build.0 = Release|Any CPU
		{FD3BC3B6-5BC5-4DB8-BD54-56D6A6CC5AA0}.Debug|Any CPU.ActiveCfg = Debug|Any CPU
		{FD3BC3B6-5BC5-4DB8-BD54-56D6A6CC5AA0}.Debug|Any CPU.Build.0 = Debug|Any CPU
		{FD3BC3B6-5BC5-4DB8-BD54-56D6A6CC5AA0}.Release|Any CPU.ActiveCfg = Release|Any CPU
		{FD3BC3B6-5BC5-4DB8-BD54-56D6A6CC5AA0}.Release|Any CPU.Build.0 = Release|Any CPU
		{27728C9E-E85D-4AFC-BC65-758B1F7D8346}.Debug|Any CPU.ActiveCfg = Debug|Any CPU
		{27728C9E-E85D-4AFC-BC65-758B1F7D8346}.Debug|Any CPU.Build.0 = Debug|Any CPU
		{27728C9E-E85D-4AFC-BC65-758B1F7D8346}.Release|Any CPU.ActiveCfg = Release|Any CPU
		{27728C9E-E85D-4AFC-BC65-758B1F7D8346}.Release|Any CPU.Build.0 = Release|Any CPU
		{9DB8F622-9994-4E9F-8AF8-D575D0CBF547}.Debug|Any CPU.ActiveCfg = Debug|Any CPU
		{9DB8F622-9994-4E9F-8AF8-D575D0CBF547}.Debug|Any CPU.Build.0 = Debug|Any CPU
		{9DB8F622-9994-4E9F-8AF8-D575D0CBF547}.Release|Any CPU.ActiveCfg = Release|Any CPU
		{9DB8F622-9994-4E9F-8AF8-D575D0CBF547}.Release|Any CPU.Build.0 = Release|Any CPU
		{338420A0-3124-42DF-8836-6B49CCAD3782}.Debug|Any CPU.ActiveCfg = Debug|Any CPU
		{338420A0-3124-42DF-8836-6B49CCAD3782}.Debug|Any CPU.Build.0 = Debug|Any CPU
		{338420A0-3124-42DF-8836-6B49CCAD3782}.Release|Any CPU.ActiveCfg = Release|Any CPU
		{338420A0-3124-42DF-8836-6B49CCAD3782}.Release|Any CPU.Build.0 = Release|Any CPU
	EndGlobalSection
	GlobalSection(SolutionProperties) = preSolution
		HideSolutionNode = FALSE
	EndGlobalSection
	GlobalSection(ExtensibilityGlobals) = postSolution
		SolutionGuid = {87846BD1-3A15-448F-8630-AADD44043316}
	EndGlobalSection
EndGlobal
